
Microsoft Visual Studio Solution File, Format Version 12.00
# Visual Studio Version 17
VisualStudioVersion = 17.0.31903.59
MinimumVisualStudioVersion = 10.0.40219.1
Project("{2150E333-8FDC-42A3-9474-1A3956D46DE8}") = "src", "src", "{96AF1EBE-601A-4C57-B711-317227D06A42}"
EndProject
Project("{FAE04EC0-301F-11D3-BF4B-00C04F79EFBC}") = "LoanShark.Api", "src\LoanShark.Api\LoanShark.Api.csproj", "{2E16837A-4EAF-480F-AEED-12030AACB956}"
EndProject
Global
	GlobalSection(SolutionConfigurationPlatforms) = preSolution
		Debug|Any CPU = Debug|Any CPU
		Release|Any CPU = Release|Any CPU
	EndGlobalSection
	GlobalSection(SolutionProperties) = preSolution
		HideSolutionNode = FALSE
	EndGlobalSection
	GlobalSection(NestedProjects) = preSolution
		{2E16837A-4EAF-480F-AEED-12030AACB956} = {96AF1EBE-601A-4C57-B711-317227D06A42}
	EndGlobalSection
	GlobalSection(ProjectConfigurationPlatforms) = postSolution
		{2E16837A-4EAF-480F-AEED-12030AACB956}.Debug|Any CPU.ActiveCfg = Debug|Any CPU
		{2E16837A-4EAF-480F-AEED-12030AACB956}.Debug|Any CPU.Build.0 = Debug|Any CPU
		{2E16837A-4EAF-480F-AEED-12030AACB956}.Release|Any CPU.ActiveCfg = Release|Any CPU
		{2E16837A-4EAF-480F-AEED-12030AACB956}.Release|Any CPU.Build.0 = Release|Any CPU
	EndGlobalSection
EndGlobal
